// !$*UTF8*$!
{
	archiveVersion = 1;
	classes = {
	};
	objectVersion = 55;
	objects = {

/* Begin PBXBuildFile section */
		86057B212911263B00CEC6AB /* EventCategoriSettingView.swift in Sources */ = {isa = PBXBuildFile; fileRef = 86057B202911263B00CEC6AB /* EventCategoriSettingView.swift */; };
		86057B23291129FF00CEC6AB /* EventCategoriSettingViewModel.swift in Sources */ = {isa = PBXBuildFile; fileRef = 86057B22291129FF00CEC6AB /* EventCategoriSettingViewModel.swift */; };
		86057B272911EE7700CEC6AB /* ReminderCategoriSettingViewModel.swift in Sources */ = {isa = PBXBuildFile; fileRef = 86057B262911EE7700CEC6AB /* ReminderCategoriSettingViewModel.swift */; };
		86057B292911EE8000CEC6AB /* ReminderCategoriSettingView.swift in Sources */ = {isa = PBXBuildFile; fileRef = 86057B282911EE8000CEC6AB /* ReminderCategoriSettingView.swift */; };
		86057B6229125F4A00CEC6AB /* ColorView.swift in Sources */ = {isa = PBXBuildFile; fileRef = 86057B6129125F4A00CEC6AB /* ColorView.swift */; };
		86057B6429125F7400CEC6AB /* EmojiView.swift in Sources */ = {isa = PBXBuildFile; fileRef = 86057B6329125F7400CEC6AB /* EmojiView.swift */; };
		860F766428FCB97A00CB034B /* CalendarGroupView.swift in Sources */ = {isa = PBXBuildFile; fileRef = 860F766328FCB97A00CB034B /* CalendarGroupView.swift */; };
		860F766628FCB98500CB034B /* CalendarGroupViewModel.swift in Sources */ = {isa = PBXBuildFile; fileRef = 860F766528FCB98500CB034B /* CalendarGroupViewModel.swift */; };
		8647AFBA28FD637F00EE1DA8 /* MonthlyCellViewModel.swift in Sources */ = {isa = PBXBuildFile; fileRef = 8647AFB928FD637F00EE1DA8 /* MonthlyCellViewModel.swift */; };
		8647AFBC28FD639100EE1DA8 /* WeeklyCellViewModel.swift in Sources */ = {isa = PBXBuildFile; fileRef = 8647AFBB28FD639100EE1DA8 /* WeeklyCellViewModel.swift */; };
		8647B0872907B11A00EE1DA8 /* MonthlyCalendarHelper.swift in Sources */ = {isa = PBXBuildFile; fileRef = 8647B0862907B11A00EE1DA8 /* MonthlyCalendarHelper.swift */; };
		8647B0892907B13C00EE1DA8 /* CalendarProtocol.swift in Sources */ = {isa = PBXBuildFile; fileRef = 8647B0882907B13C00EE1DA8 /* CalendarProtocol.swift */; };
		865BE52428EC4B6200305899 /* Extension+Text.swift in Sources */ = {isa = PBXBuildFile; fileRef = 865BE52328EC4B6200305899 /* Extension+Text.swift */; };
		865BE52628EC867900305899 /* WeekOption.swift in Sources */ = {isa = PBXBuildFile; fileRef = 865BE52528EC867900305899 /* WeekOption.swift */; };
		86795899290A3C2D001D5C7F /* ManagerProtocol.swift in Sources */ = {isa = PBXBuildFile; fileRef = 86795898290A3C2D001D5C7F /* ManagerProtocol.swift */; };
		8679589B290A3C64001D5C7F /* ReminderManager.swift in Sources */ = {isa = PBXBuildFile; fileRef = 8679589A290A3C64001D5C7F /* ReminderManager.swift */; };
		867958BF290A632B001D5C7F /* MonthlyHelperUnitTest.swift in Sources */ = {isa = PBXBuildFile; fileRef = 867958BE290A632B001D5C7F /* MonthlyHelperUnitTest.swift */; };
		868C543D28F4178D006A9B38 /* TabBarItemsPreferenceKey.swift in Sources */ = {isa = PBXBuildFile; fileRef = 868C543C28F4178D006A9B38 /* TabBarItemsPreferenceKey.swift */; };
		868C543F28F417C0006A9B38 /* CustomTabBarContainerView.swift in Sources */ = {isa = PBXBuildFile; fileRef = 868C543E28F417C0006A9B38 /* CustomTabBarContainerView.swift */; };
		868C544128F417D9006A9B38 /* CustomTabBarView.swift in Sources */ = {isa = PBXBuildFile; fileRef = 868C544028F417D9006A9B38 /* CustomTabBarView.swift */; };
		868C544328F417F7006A9B38 /* TabBarItem.swift in Sources */ = {isa = PBXBuildFile; fileRef = 868C544228F417F7006A9B38 /* TabBarItem.swift */; };
		868C544528F4199D006A9B38 /* CheckyTapView.swift in Sources */ = {isa = PBXBuildFile; fileRef = 868C544428F4199D006A9B38 /* CheckyTapView.swift */; };
		868C544728F419B1006A9B38 /* CheckyTapViewModel.swift in Sources */ = {isa = PBXBuildFile; fileRef = 868C544628F419B1006A9B38 /* CheckyTapViewModel.swift */; };
		868E024A2913AF8F0039B52E /* CategoriListCellView.swift in Sources */ = {isa = PBXBuildFile; fileRef = 868E02492913AF8F0039B52E /* CategoriListCellView.swift */; };
		868E02D32919F6120039B52E /* SettingListViewModel.swift in Sources */ = {isa = PBXBuildFile; fileRef = 868E02D22919F6120039B52E /* SettingListViewModel.swift */; };
		869A570D2923A18500988D27 /* Extension+EKCalendar.swift in Sources */ = {isa = PBXBuildFile; fileRef = 869A570C2923A18500988D27 /* Extension+EKCalendar.swift */; };
		869A57102923A1C000988D27 /* ReminderManagerError.swift in Sources */ = {isa = PBXBuildFile; fileRef = 869A570F2923A1C000988D27 /* ReminderManagerError.swift */; };
		869A57122923A44100988D27 /* EventManagerError.swift in Sources */ = {isa = PBXBuildFile; fileRef = 869A57112923A44100988D27 /* EventManagerError.swift */; };
		869BAA942908A4A200D4D71D /* CheckyRouter.swift in Sources */ = {isa = PBXBuildFile; fileRef = 869BAA932908A4A200D4D71D /* CheckyRouter.swift */; };
		86A5E60228EEA6A80040DCFB /* DayOfWeekStackView.swift in Sources */ = {isa = PBXBuildFile; fileRef = 86A5E60128EEA6A80040DCFB /* DayOfWeekStackView.swift */; };
		86A5E60428EEA6B10040DCFB /* DayOfWeekStackViewModel.swift in Sources */ = {isa = PBXBuildFile; fileRef = 86A5E60328EEA6B10040DCFB /* DayOfWeekStackViewModel.swift */; };
		86F0B2C128F6B71A006E2536 /* WeeklyBlockView.swift in Sources */ = {isa = PBXBuildFile; fileRef = 86F0B2C028F6B71A006E2536 /* WeeklyBlockView.swift */; };
		86F0B2C328F6B726006E2536 /* WeeklyBlockViewModel.swift in Sources */ = {isa = PBXBuildFile; fileRef = 86F0B2C228F6B726006E2536 /* WeeklyBlockViewModel.swift */; };
		86F0B2C528F6B969006E2536 /* WeeklyCellView.swift in Sources */ = {isa = PBXBuildFile; fileRef = 86F0B2C428F6B969006E2536 /* WeeklyCellView.swift */; };
		86FBE20D2910F3A200961DE8 /* SettingListView.swift in Sources */ = {isa = PBXBuildFile; fileRef = 86FBE20C2910F3A200961DE8 /* SettingListView.swift */; };
		86FC8CF528EAB3CF00B7752F /* DateHolder.swift in Sources */ = {isa = PBXBuildFile; fileRef = 86FC8CF428EAB3CF00B7752F /* DateHolder.swift */; };
		86FC8CF828EAB42500B7752F /* WeeklyCalenderHelper.swift in Sources */ = {isa = PBXBuildFile; fileRef = 86FC8CF728EAB42500B7752F /* WeeklyCalenderHelper.swift */; };
		86FC8CFA28EAB49B00B7752F /* HeaderView.swift in Sources */ = {isa = PBXBuildFile; fileRef = 86FC8CF928EAB49B00B7752F /* HeaderView.swift */; };
		DA124AD32923C55000C6ED6C /* WidgetKit.framework in Frameworks */ = {isa = PBXBuildFile; fileRef = DA124AD22923C55000C6ED6C /* WidgetKit.framework */; };
		DA124AD52923C55000C6ED6C /* SwiftUI.framework in Frameworks */ = {isa = PBXBuildFile; fileRef = DA124AD42923C55000C6ED6C /* SwiftUI.framework */; };
		DA124AD82923C55000C6ED6C /* checkyWidget.swift in Sources */ = {isa = PBXBuildFile; fileRef = DA124AD72923C55000C6ED6C /* checkyWidget.swift */; };
		DA124ADB2923C55200C6ED6C /* Assets.xcassets in Resources */ = {isa = PBXBuildFile; fileRef = DA124ADA2923C55200C6ED6C /* Assets.xcassets */; };
		DA124ADD2923C55200C6ED6C /* checkyWidget.intentdefinition in Sources */ = {isa = PBXBuildFile; fileRef = DA124AD92923C55000C6ED6C /* checkyWidget.intentdefinition */; };
		DA124ADE2923C55200C6ED6C /* checkyWidget.intentdefinition in Sources */ = {isa = PBXBuildFile; fileRef = DA124AD92923C55000C6ED6C /* checkyWidget.intentdefinition */; };
		DA124AE22923C55200C6ED6C /* checkyWidgetExtension.appex in Embed Foundation Extensions */ = {isa = PBXBuildFile; fileRef = DA124AD02923C54F00C6ED6C /* checkyWidgetExtension.appex */; settings = {ATTRIBUTES = (RemoveHeadersOnCopy, ); }; };
		DA124AE62923C6AC00C6ED6C /* Extension+Color.swift in Sources */ = {isa = PBXBuildFile; fileRef = DA3E9DAB29078FE200E72E21 /* Extension+Color.swift */; };
		DA124AE72923C6F900C6ED6C /* Extension+Date.swift in Sources */ = {isa = PBXBuildFile; fileRef = DA91E7D928EB58310091B6A3 /* Extension+Date.swift */; };
		DA124AEA2923CDCB00C6ED6C /* Extension+UserDefaults.swift in Sources */ = {isa = PBXBuildFile; fileRef = DA124AE92923CDCB00C6ED6C /* Extension+UserDefaults.swift */; };
		DA124AED2924A59400C6ED6C /* Extension+Notification.Name.swift in Sources */ = {isa = PBXBuildFile; fileRef = DA124AEC2924A59400C6ED6C /* Extension+Notification.Name.swift */; };
		DA2789952911C7F300E76B53 /* DailyHeaderView.swift in Sources */ = {isa = PBXBuildFile; fileRef = DA2789942911C7F300E76B53 /* DailyHeaderView.swift */; };
		DA2789AF291A125E00E76B53 /* Extension+ViewModelable.swift in Sources */ = {isa = PBXBuildFile; fileRef = DA2789AE291A125E00E76B53 /* Extension+ViewModelable.swift */; };
		DA2789B2291A148500E76B53 /* ReminderView.swift in Sources */ = {isa = PBXBuildFile; fileRef = DA2789B1291A148500E76B53 /* ReminderView.swift */; };
		DA2789B4291A172F00E76B53 /* ReminderViewModel.swift in Sources */ = {isa = PBXBuildFile; fileRef = DA2789B3291A172E00E76B53 /* ReminderViewModel.swift */; };
		DA2789B8291A2F2900E76B53 /* ReminderCategoryBlockView.swift in Sources */ = {isa = PBXBuildFile; fileRef = DA2789B7291A2F2900E76B53 /* ReminderCategoryBlockView.swift */; };
		DA2C796128EEFF7700922C47 /* AppDelegate.swift in Sources */ = {isa = PBXBuildFile; fileRef = DA2C796028EEFF7700922C47 /* AppDelegate.swift */; };
		DA2C796328EEFFA300922C47 /* SceneDelegate.swift in Sources */ = {isa = PBXBuildFile; fileRef = DA2C796228EEFFA300922C47 /* SceneDelegate.swift */; };
		DA2C796628EF005B00922C47 /* NavigationRouter.swift in Sources */ = {isa = PBXBuildFile; fileRef = DA2C796528EF005B00922C47 /* NavigationRouter.swift */; };
		DA2C796828EF007900922C47 /* NavigationTranisitionStyle.swift in Sources */ = {isa = PBXBuildFile; fileRef = DA2C796728EF007900922C47 /* NavigationTranisitionStyle.swift */; };
		DA2C796A28EF009800922C47 /* Coordinator.swift in Sources */ = {isa = PBXBuildFile; fileRef = DA2C796928EF009800922C47 /* Coordinator.swift */; };
		DA2C796D28F5817600922C47 /* EventCreateAndEditView.swift in Sources */ = {isa = PBXBuildFile; fileRef = DA2C796C28F5817600922C47 /* EventCreateAndEditView.swift */; };
		DA2C796F28F6CB1A00922C47 /* EventCreateAndEditViewModel.swift in Sources */ = {isa = PBXBuildFile; fileRef = DA2C796E28F6CB1A00922C47 /* EventCreateAndEditViewModel.swift */; };
		DA2C797128F6E2C800922C47 /* Extension+View.swift in Sources */ = {isa = PBXBuildFile; fileRef = DA2C797028F6E2C800922C47 /* Extension+View.swift */; };
		DA2C797328F6F25C00922C47 /* AlramTime.swift in Sources */ = {isa = PBXBuildFile; fileRef = DA2C797228F6F25C00922C47 /* AlramTime.swift */; };
		DA2C798128F7265D00922C47 /* ReminderCreateAndEditView.swift in Sources */ = {isa = PBXBuildFile; fileRef = DA2C798028F7265D00922C47 /* ReminderCreateAndEditView.swift */; };
		DA2C798328F7268F00922C47 /* ReminderCreateAndEditViewModel.swift in Sources */ = {isa = PBXBuildFile; fileRef = DA2C798228F7268F00922C47 /* ReminderCreateAndEditViewModel.swift */; };
		DA3E9DAA2907810E00E72E21 /* ButtonStyle.swift in Sources */ = {isa = PBXBuildFile; fileRef = DA3E9DA92907810E00E72E21 /* ButtonStyle.swift */; };
		DA3E9DAC29078FE200E72E21 /* Extension+Color.swift in Sources */ = {isa = PBXBuildFile; fileRef = DA3E9DAB29078FE200E72E21 /* Extension+Color.swift */; };
		DA466EA028E685D70076AEE4 /* checkyApp.swift in Sources */ = {isa = PBXBuildFile; fileRef = DA466E9F28E685D70076AEE4 /* checkyApp.swift */; };
		DA466EA228E685D70076AEE4 /* MonthlyView.swift in Sources */ = {isa = PBXBuildFile; fileRef = DA466EA128E685D70076AEE4 /* MonthlyView.swift */; };
		DA466EA428E685D90076AEE4 /* Assets.xcassets in Resources */ = {isa = PBXBuildFile; fileRef = DA466EA328E685D90076AEE4 /* Assets.xcassets */; };
		DA466EA728E685D90076AEE4 /* Preview Assets.xcassets in Resources */ = {isa = PBXBuildFile; fileRef = DA466EA628E685D90076AEE4 /* Preview Assets.xcassets */; };
		DA4E4A052908F42100CF45E2 /* CreateSelectorView.swift in Sources */ = {isa = PBXBuildFile; fileRef = DA4E4A042908F42100CF45E2 /* CreateSelectorView.swift */; };
		DA4E4A39290A529200CF45E2 /* WeeklyCalendarHelperTest.swift in Sources */ = {isa = PBXBuildFile; fileRef = DA4E4A38290A529200CF45E2 /* WeeklyCalendarHelperTest.swift */; };
		DA4E4A46290C288600CF45E2 /* WeeklyView.swift in Sources */ = {isa = PBXBuildFile; fileRef = DA4E4A45290C288600CF45E2 /* WeeklyView.swift */; };
		DA4E4A48290C289600CF45E2 /* WeeklyViewModel.swift in Sources */ = {isa = PBXBuildFile; fileRef = DA4E4A47290C289600CF45E2 /* WeeklyViewModel.swift */; };
		DA4E4A4B290C74F800CF45E2 /* DailyView.swift in Sources */ = {isa = PBXBuildFile; fileRef = DA4E4A4A290C74F800CF45E2 /* DailyView.swift */; };
		DA4E4A4D290C78C700CF45E2 /* DailyEventCellView.swift in Sources */ = {isa = PBXBuildFile; fileRef = DA4E4A4C290C78C700CF45E2 /* DailyEventCellView.swift */; };
		DA4E4A4F290C8ADB00CF45E2 /* DailyViewModel.swift in Sources */ = {isa = PBXBuildFile; fileRef = DA4E4A4E290C8ADA00CF45E2 /* DailyViewModel.swift */; };
		DA78BC75290FC63F00E2E2AD /* DailyReminderCellView.swift in Sources */ = {isa = PBXBuildFile; fileRef = DA78BC74290FC63F00E2E2AD /* DailyReminderCellView.swift */; };
		DA78BC77290FE5E900E2E2AD /* DailyEventCellViewModel.swift in Sources */ = {isa = PBXBuildFile; fileRef = DA78BC76290FE5E900E2E2AD /* DailyEventCellViewModel.swift */; };
		DA78BC79290FE64800E2E2AD /* DailyReminderCellVeiwModel.swift in Sources */ = {isa = PBXBuildFile; fileRef = DA78BC78290FE64800E2E2AD /* DailyReminderCellVeiwModel.swift */; };
		DA91E7D628EABDED0091B6A3 /* Week.swift in Sources */ = {isa = PBXBuildFile; fileRef = DA91E7D528EABDED0091B6A3 /* Week.swift */; };
		DA91E7D828EB57AF0091B6A3 /* DateValue.swift in Sources */ = {isa = PBXBuildFile; fileRef = DA91E7D728EB57AF0091B6A3 /* DateValue.swift */; };
		DA91E7DA28EB58310091B6A3 /* Extension+Date.swift in Sources */ = {isa = PBXBuildFile; fileRef = DA91E7D928EB58310091B6A3 /* Extension+Date.swift */; };
		DA91E7DC28EC1E880091B6A3 /* EventManager.swift in Sources */ = {isa = PBXBuildFile; fileRef = DA91E7DB28EC1E880091B6A3 /* EventManager.swift */; };
		DA91E7E128EC8DFC0091B6A3 /* Event.swift in Sources */ = {isa = PBXBuildFile; fileRef = DA91E7E028EC8DFC0091B6A3 /* Event.swift */; };
		DA91E7E328EC8E580091B6A3 /* Reminder.swift in Sources */ = {isa = PBXBuildFile; fileRef = DA91E7E228EC8E580091B6A3 /* Reminder.swift */; };
		DA91E7E528EC94180091B6A3 /* MonthlyCellView.swift in Sources */ = {isa = PBXBuildFile; fileRef = DA91E7E428EC94170091B6A3 /* MonthlyCellView.swift */; };
		DA91E81428EDF3900091B6A3 /* MonthlyViewModel.swift in Sources */ = {isa = PBXBuildFile; fileRef = DA91E81328EDF38F0091B6A3 /* MonthlyViewModel.swift */; };
		DA91E81828EE01790091B6A3 /* HeaderViewModel.swift in Sources */ = {isa = PBXBuildFile; fileRef = DA91E81728EE01790091B6A3 /* HeaderViewModel.swift */; };
/* End PBXBuildFile section */

/* Begin PBXContainerItemProxy section */
		867958C0290A632B001D5C7F /* PBXContainerItemProxy */ = {
			isa = PBXContainerItemProxy;
			containerPortal = DA466E9428E685D70076AEE4 /* Project object */;
			proxyType = 1;
			remoteGlobalIDString = DA466E9B28E685D70076AEE4;
			remoteInfo = checky;
		};
		DA124ADF2923C55200C6ED6C /* PBXContainerItemProxy */ = {
			isa = PBXContainerItemProxy;
			containerPortal = DA466E9428E685D70076AEE4 /* Project object */;
			proxyType = 1;
			remoteGlobalIDString = DA124ACF2923C54F00C6ED6C;
			remoteInfo = checkyWidgetExtension;
		};
		DA4E4A3A290A529200CF45E2 /* PBXContainerItemProxy */ = {
			isa = PBXContainerItemProxy;
			containerPortal = DA466E9428E685D70076AEE4 /* Project object */;
			proxyType = 1;
			remoteGlobalIDString = DA466E9B28E685D70076AEE4;
			remoteInfo = checky;
		};
/* End PBXContainerItemProxy section */

/* Begin PBXCopyFilesBuildPhase section */
		DA124AE12923C55200C6ED6C /* Embed Foundation Extensions */ = {
			isa = PBXCopyFilesBuildPhase;
			buildActionMask = 2147483647;
			dstPath = "";
			dstSubfolderSpec = 13;
			files = (
				DA124AE22923C55200C6ED6C /* checkyWidgetExtension.appex in Embed Foundation Extensions */,
			);
			name = "Embed Foundation Extensions";
			runOnlyForDeploymentPostprocessing = 0;
		};
/* End PBXCopyFilesBuildPhase section */

/* Begin PBXFileReference section */
		86057B202911263B00CEC6AB /* EventCategoriSettingView.swift */ = {isa = PBXFileReference; lastKnownFileType = sourcecode.swift; path = EventCategoriSettingView.swift; sourceTree = "<group>"; };
		86057B22291129FF00CEC6AB /* EventCategoriSettingViewModel.swift */ = {isa = PBXFileReference; lastKnownFileType = sourcecode.swift; path = EventCategoriSettingViewModel.swift; sourceTree = "<group>"; };
		86057B262911EE7700CEC6AB /* ReminderCategoriSettingViewModel.swift */ = {isa = PBXFileReference; lastKnownFileType = sourcecode.swift; path = ReminderCategoriSettingViewModel.swift; sourceTree = "<group>"; };
		86057B282911EE8000CEC6AB /* ReminderCategoriSettingView.swift */ = {isa = PBXFileReference; lastKnownFileType = sourcecode.swift; path = ReminderCategoriSettingView.swift; sourceTree = "<group>"; };
		86057B6129125F4A00CEC6AB /* ColorView.swift */ = {isa = PBXFileReference; lastKnownFileType = sourcecode.swift; path = ColorView.swift; sourceTree = "<group>"; };
		86057B6329125F7400CEC6AB /* EmojiView.swift */ = {isa = PBXFileReference; lastKnownFileType = sourcecode.swift; path = EmojiView.swift; sourceTree = "<group>"; };
		860F766328FCB97A00CB034B /* CalendarGroupView.swift */ = {isa = PBXFileReference; lastKnownFileType = sourcecode.swift; path = CalendarGroupView.swift; sourceTree = "<group>"; };
		860F766528FCB98500CB034B /* CalendarGroupViewModel.swift */ = {isa = PBXFileReference; lastKnownFileType = sourcecode.swift; path = CalendarGroupViewModel.swift; sourceTree = "<group>"; };
		8647AFB928FD637F00EE1DA8 /* MonthlyCellViewModel.swift */ = {isa = PBXFileReference; lastKnownFileType = sourcecode.swift; path = MonthlyCellViewModel.swift; sourceTree = "<group>"; };
		8647AFBB28FD639100EE1DA8 /* WeeklyCellViewModel.swift */ = {isa = PBXFileReference; lastKnownFileType = sourcecode.swift; path = WeeklyCellViewModel.swift; sourceTree = "<group>"; };
		8647B0862907B11A00EE1DA8 /* MonthlyCalendarHelper.swift */ = {isa = PBXFileReference; lastKnownFileType = sourcecode.swift; path = MonthlyCalendarHelper.swift; sourceTree = "<group>"; };
		8647B0882907B13C00EE1DA8 /* CalendarProtocol.swift */ = {isa = PBXFileReference; lastKnownFileType = sourcecode.swift; path = CalendarProtocol.swift; sourceTree = "<group>"; };
		865BE51828EC2E6F00305899 /* Info.plist */ = {isa = PBXFileReference; lastKnownFileType = text.plist; path = Info.plist; sourceTree = "<group>"; };
		865BE52328EC4B6200305899 /* Extension+Text.swift */ = {isa = PBXFileReference; lastKnownFileType = sourcecode.swift; path = "Extension+Text.swift"; sourceTree = "<group>"; };
		865BE52528EC867900305899 /* WeekOption.swift */ = {isa = PBXFileReference; lastKnownFileType = sourcecode.swift; path = WeekOption.swift; sourceTree = "<group>"; };
		86795898290A3C2D001D5C7F /* ManagerProtocol.swift */ = {isa = PBXFileReference; lastKnownFileType = sourcecode.swift; path = ManagerProtocol.swift; sourceTree = "<group>"; };
		8679589A290A3C64001D5C7F /* ReminderManager.swift */ = {isa = PBXFileReference; lastKnownFileType = sourcecode.swift; path = ReminderManager.swift; sourceTree = "<group>"; };
		867958BC290A632B001D5C7F /* MonthlyHelperUnitTest.xctest */ = {isa = PBXFileReference; explicitFileType = wrapper.cfbundle; includeInIndex = 0; path = MonthlyHelperUnitTest.xctest; sourceTree = BUILT_PRODUCTS_DIR; };
		867958BE290A632B001D5C7F /* MonthlyHelperUnitTest.swift */ = {isa = PBXFileReference; lastKnownFileType = sourcecode.swift; path = MonthlyHelperUnitTest.swift; sourceTree = "<group>"; };
		868C543C28F4178D006A9B38 /* TabBarItemsPreferenceKey.swift */ = {isa = PBXFileReference; lastKnownFileType = sourcecode.swift; path = TabBarItemsPreferenceKey.swift; sourceTree = "<group>"; };
		868C543E28F417C0006A9B38 /* CustomTabBarContainerView.swift */ = {isa = PBXFileReference; lastKnownFileType = sourcecode.swift; path = CustomTabBarContainerView.swift; sourceTree = "<group>"; };
		868C544028F417D9006A9B38 /* CustomTabBarView.swift */ = {isa = PBXFileReference; lastKnownFileType = sourcecode.swift; path = CustomTabBarView.swift; sourceTree = "<group>"; };
		868C544228F417F7006A9B38 /* TabBarItem.swift */ = {isa = PBXFileReference; lastKnownFileType = sourcecode.swift; path = TabBarItem.swift; sourceTree = "<group>"; };
		868C544428F4199D006A9B38 /* CheckyTapView.swift */ = {isa = PBXFileReference; lastKnownFileType = sourcecode.swift; path = CheckyTapView.swift; sourceTree = "<group>"; };
		868C544628F419B1006A9B38 /* CheckyTapViewModel.swift */ = {isa = PBXFileReference; lastKnownFileType = sourcecode.swift; path = CheckyTapViewModel.swift; sourceTree = "<group>"; };
		868E02492913AF8F0039B52E /* CategoriListCellView.swift */ = {isa = PBXFileReference; lastKnownFileType = sourcecode.swift; path = CategoriListCellView.swift; sourceTree = "<group>"; };
		868E02D22919F6120039B52E /* SettingListViewModel.swift */ = {isa = PBXFileReference; lastKnownFileType = sourcecode.swift; path = SettingListViewModel.swift; sourceTree = "<group>"; };
		869A570C2923A18500988D27 /* Extension+EKCalendar.swift */ = {isa = PBXFileReference; lastKnownFileType = sourcecode.swift; path = "Extension+EKCalendar.swift"; sourceTree = "<group>"; };
		869A570F2923A1C000988D27 /* ReminderManagerError.swift */ = {isa = PBXFileReference; lastKnownFileType = sourcecode.swift; path = ReminderManagerError.swift; sourceTree = "<group>"; };
		869A57112923A44100988D27 /* EventManagerError.swift */ = {isa = PBXFileReference; lastKnownFileType = sourcecode.swift; path = EventManagerError.swift; sourceTree = "<group>"; };
		869BAA932908A4A200D4D71D /* CheckyRouter.swift */ = {isa = PBXFileReference; lastKnownFileType = sourcecode.swift; path = CheckyRouter.swift; sourceTree = "<group>"; };
		86A5E60128EEA6A80040DCFB /* DayOfWeekStackView.swift */ = {isa = PBXFileReference; lastKnownFileType = sourcecode.swift; path = DayOfWeekStackView.swift; sourceTree = "<group>"; };
		86A5E60328EEA6B10040DCFB /* DayOfWeekStackViewModel.swift */ = {isa = PBXFileReference; lastKnownFileType = sourcecode.swift; path = DayOfWeekStackViewModel.swift; sourceTree = "<group>"; };
		86F0B2C028F6B71A006E2536 /* WeeklyBlockView.swift */ = {isa = PBXFileReference; lastKnownFileType = sourcecode.swift; path = WeeklyBlockView.swift; sourceTree = "<group>"; };
		86F0B2C228F6B726006E2536 /* WeeklyBlockViewModel.swift */ = {isa = PBXFileReference; lastKnownFileType = sourcecode.swift; path = WeeklyBlockViewModel.swift; sourceTree = "<group>"; };
		86F0B2C428F6B969006E2536 /* WeeklyCellView.swift */ = {isa = PBXFileReference; lastKnownFileType = sourcecode.swift; path = WeeklyCellView.swift; sourceTree = "<group>"; };
		86FBE20C2910F3A200961DE8 /* SettingListView.swift */ = {isa = PBXFileReference; lastKnownFileType = sourcecode.swift; path = SettingListView.swift; sourceTree = "<group>"; };
		86FC8CF428EAB3CF00B7752F /* DateHolder.swift */ = {isa = PBXFileReference; lastKnownFileType = sourcecode.swift; path = DateHolder.swift; sourceTree = "<group>"; };
		86FC8CF728EAB42500B7752F /* WeeklyCalenderHelper.swift */ = {isa = PBXFileReference; lastKnownFileType = sourcecode.swift; path = WeeklyCalenderHelper.swift; sourceTree = "<group>"; };
		86FC8CF928EAB49B00B7752F /* HeaderView.swift */ = {isa = PBXFileReference; lastKnownFileType = sourcecode.swift; path = HeaderView.swift; sourceTree = "<group>"; };
		DA124AD02923C54F00C6ED6C /* checkyWidgetExtension.appex */ = {isa = PBXFileReference; explicitFileType = "wrapper.app-extension"; includeInIndex = 0; path = checkyWidgetExtension.appex; sourceTree = BUILT_PRODUCTS_DIR; };
		DA124AD22923C55000C6ED6C /* WidgetKit.framework */ = {isa = PBXFileReference; lastKnownFileType = wrapper.framework; name = WidgetKit.framework; path = System/Library/Frameworks/WidgetKit.framework; sourceTree = SDKROOT; };
		DA124AD42923C55000C6ED6C /* SwiftUI.framework */ = {isa = PBXFileReference; lastKnownFileType = wrapper.framework; name = SwiftUI.framework; path = System/Library/Frameworks/SwiftUI.framework; sourceTree = SDKROOT; };
		DA124AD72923C55000C6ED6C /* checkyWidget.swift */ = {isa = PBXFileReference; lastKnownFileType = sourcecode.swift; path = checkyWidget.swift; sourceTree = "<group>"; };
		DA124AD92923C55000C6ED6C /* checkyWidget.intentdefinition */ = {isa = PBXFileReference; lastKnownFileType = file.intentdefinition; path = checkyWidget.intentdefinition; sourceTree = "<group>"; };
		DA124ADA2923C55200C6ED6C /* Assets.xcassets */ = {isa = PBXFileReference; lastKnownFileType = folder.assetcatalog; path = Assets.xcassets; sourceTree = "<group>"; };
		DA124ADC2923C55200C6ED6C /* Info.plist */ = {isa = PBXFileReference; lastKnownFileType = text.plist.xml; path = Info.plist; sourceTree = "<group>"; };
		DA124AE82923CD5000C6ED6C /* checkyWidgetExtension.entitlements */ = {isa = PBXFileReference; lastKnownFileType = text.plist.entitlements; path = checkyWidgetExtension.entitlements; sourceTree = "<group>"; };
		DA124AE92923CDCB00C6ED6C /* Extension+UserDefaults.swift */ = {isa = PBXFileReference; lastKnownFileType = sourcecode.swift; path = "Extension+UserDefaults.swift"; sourceTree = "<group>"; };
		DA124AEB2923D01200C6ED6C /* checky.entitlements */ = {isa = PBXFileReference; lastKnownFileType = text.plist.entitlements; path = checky.entitlements; sourceTree = "<group>"; };
		DA124AEC2924A59400C6ED6C /* Extension+Notification.Name.swift */ = {isa = PBXFileReference; lastKnownFileType = sourcecode.swift; path = "Extension+Notification.Name.swift"; sourceTree = "<group>"; };
		DA2789942911C7F300E76B53 /* DailyHeaderView.swift */ = {isa = PBXFileReference; lastKnownFileType = sourcecode.swift; path = DailyHeaderView.swift; sourceTree = "<group>"; };
		DA2789AE291A125E00E76B53 /* Extension+ViewModelable.swift */ = {isa = PBXFileReference; lastKnownFileType = sourcecode.swift; path = "Extension+ViewModelable.swift"; sourceTree = "<group>"; };
		DA2789B1291A148500E76B53 /* ReminderView.swift */ = {isa = PBXFileReference; lastKnownFileType = sourcecode.swift; path = ReminderView.swift; sourceTree = "<group>"; };
		DA2789B3291A172E00E76B53 /* ReminderViewModel.swift */ = {isa = PBXFileReference; lastKnownFileType = sourcecode.swift; path = ReminderViewModel.swift; sourceTree = "<group>"; };
		DA2789B7291A2F2900E76B53 /* ReminderCategoryBlockView.swift */ = {isa = PBXFileReference; lastKnownFileType = sourcecode.swift; path = ReminderCategoryBlockView.swift; sourceTree = "<group>"; };
		DA2C796028EEFF7700922C47 /* AppDelegate.swift */ = {isa = PBXFileReference; lastKnownFileType = sourcecode.swift; path = AppDelegate.swift; sourceTree = "<group>"; };
		DA2C796228EEFFA300922C47 /* SceneDelegate.swift */ = {isa = PBXFileReference; lastKnownFileType = sourcecode.swift; path = SceneDelegate.swift; sourceTree = "<group>"; };
		DA2C796528EF005B00922C47 /* NavigationRouter.swift */ = {isa = PBXFileReference; lastKnownFileType = sourcecode.swift; path = NavigationRouter.swift; sourceTree = "<group>"; };
		DA2C796728EF007900922C47 /* NavigationTranisitionStyle.swift */ = {isa = PBXFileReference; lastKnownFileType = sourcecode.swift; path = NavigationTranisitionStyle.swift; sourceTree = "<group>"; };
		DA2C796928EF009800922C47 /* Coordinator.swift */ = {isa = PBXFileReference; lastKnownFileType = sourcecode.swift; path = Coordinator.swift; sourceTree = "<group>"; };
		DA2C796C28F5817600922C47 /* EventCreateAndEditView.swift */ = {isa = PBXFileReference; lastKnownFileType = sourcecode.swift; path = EventCreateAndEditView.swift; sourceTree = "<group>"; };
		DA2C796E28F6CB1A00922C47 /* EventCreateAndEditViewModel.swift */ = {isa = PBXFileReference; lastKnownFileType = sourcecode.swift; path = EventCreateAndEditViewModel.swift; sourceTree = "<group>"; };
		DA2C797028F6E2C800922C47 /* Extension+View.swift */ = {isa = PBXFileReference; lastKnownFileType = sourcecode.swift; path = "Extension+View.swift"; sourceTree = "<group>"; };
		DA2C797228F6F25C00922C47 /* AlramTime.swift */ = {isa = PBXFileReference; lastKnownFileType = sourcecode.swift; path = AlramTime.swift; sourceTree = "<group>"; };
		DA2C798028F7265D00922C47 /* ReminderCreateAndEditView.swift */ = {isa = PBXFileReference; lastKnownFileType = sourcecode.swift; path = ReminderCreateAndEditView.swift; sourceTree = "<group>"; };
		DA2C798228F7268F00922C47 /* ReminderCreateAndEditViewModel.swift */ = {isa = PBXFileReference; lastKnownFileType = sourcecode.swift; path = ReminderCreateAndEditViewModel.swift; sourceTree = "<group>"; };
		DA3E9DA92907810E00E72E21 /* ButtonStyle.swift */ = {isa = PBXFileReference; lastKnownFileType = sourcecode.swift; path = ButtonStyle.swift; sourceTree = "<group>"; };
		DA3E9DAB29078FE200E72E21 /* Extension+Color.swift */ = {isa = PBXFileReference; lastKnownFileType = sourcecode.swift; path = "Extension+Color.swift"; sourceTree = "<group>"; };
		DA466E9C28E685D70076AEE4 /* checky.app */ = {isa = PBXFileReference; explicitFileType = wrapper.application; includeInIndex = 0; path = checky.app; sourceTree = BUILT_PRODUCTS_DIR; };
		DA466E9F28E685D70076AEE4 /* checkyApp.swift */ = {isa = PBXFileReference; lastKnownFileType = sourcecode.swift; path = checkyApp.swift; sourceTree = "<group>"; };
		DA466EA128E685D70076AEE4 /* MonthlyView.swift */ = {isa = PBXFileReference; lastKnownFileType = sourcecode.swift; path = MonthlyView.swift; sourceTree = "<group>"; };
		DA466EA328E685D90076AEE4 /* Assets.xcassets */ = {isa = PBXFileReference; lastKnownFileType = folder.assetcatalog; path = Assets.xcassets; sourceTree = "<group>"; };
		DA466EA628E685D90076AEE4 /* Preview Assets.xcassets */ = {isa = PBXFileReference; lastKnownFileType = folder.assetcatalog; path = "Preview Assets.xcassets"; sourceTree = "<group>"; };
		DA4E4A042908F42100CF45E2 /* CreateSelectorView.swift */ = {isa = PBXFileReference; lastKnownFileType = sourcecode.swift; path = CreateSelectorView.swift; sourceTree = "<group>"; };
		DA4E4A36290A529100CF45E2 /* checkyTests.xctest */ = {isa = PBXFileReference; explicitFileType = wrapper.cfbundle; includeInIndex = 0; path = checkyTests.xctest; sourceTree = BUILT_PRODUCTS_DIR; };
		DA4E4A38290A529200CF45E2 /* WeeklyCalendarHelperTest.swift */ = {isa = PBXFileReference; lastKnownFileType = sourcecode.swift; path = WeeklyCalendarHelperTest.swift; sourceTree = "<group>"; };
		DA4E4A45290C288600CF45E2 /* WeeklyView.swift */ = {isa = PBXFileReference; lastKnownFileType = sourcecode.swift; path = WeeklyView.swift; sourceTree = "<group>"; };
		DA4E4A47290C289600CF45E2 /* WeeklyViewModel.swift */ = {isa = PBXFileReference; lastKnownFileType = sourcecode.swift; path = WeeklyViewModel.swift; sourceTree = "<group>"; };
		DA4E4A4A290C74F800CF45E2 /* DailyView.swift */ = {isa = PBXFileReference; lastKnownFileType = sourcecode.swift; path = DailyView.swift; sourceTree = "<group>"; };
		DA4E4A4C290C78C700CF45E2 /* DailyEventCellView.swift */ = {isa = PBXFileReference; lastKnownFileType = sourcecode.swift; path = DailyEventCellView.swift; sourceTree = "<group>"; };
		DA4E4A4E290C8ADA00CF45E2 /* DailyViewModel.swift */ = {isa = PBXFileReference; lastKnownFileType = sourcecode.swift; path = DailyViewModel.swift; sourceTree = "<group>"; };
		DA78BC74290FC63F00E2E2AD /* DailyReminderCellView.swift */ = {isa = PBXFileReference; lastKnownFileType = sourcecode.swift; path = DailyReminderCellView.swift; sourceTree = "<group>"; };
		DA78BC76290FE5E900E2E2AD /* DailyEventCellViewModel.swift */ = {isa = PBXFileReference; lastKnownFileType = sourcecode.swift; path = DailyEventCellViewModel.swift; sourceTree = "<group>"; };
		DA78BC78290FE64800E2E2AD /* DailyReminderCellVeiwModel.swift */ = {isa = PBXFileReference; lastKnownFileType = sourcecode.swift; path = DailyReminderCellVeiwModel.swift; sourceTree = "<group>"; };
		DA91E7D528EABDED0091B6A3 /* Week.swift */ = {isa = PBXFileReference; lastKnownFileType = sourcecode.swift; path = Week.swift; sourceTree = "<group>"; };
		DA91E7D728EB57AF0091B6A3 /* DateValue.swift */ = {isa = PBXFileReference; lastKnownFileType = sourcecode.swift; path = DateValue.swift; sourceTree = "<group>"; };
		DA91E7D928EB58310091B6A3 /* Extension+Date.swift */ = {isa = PBXFileReference; lastKnownFileType = sourcecode.swift; path = "Extension+Date.swift"; sourceTree = "<group>"; };
		DA91E7DB28EC1E880091B6A3 /* EventManager.swift */ = {isa = PBXFileReference; lastKnownFileType = sourcecode.swift; path = EventManager.swift; sourceTree = "<group>"; };
		DA91E7E028EC8DFC0091B6A3 /* Event.swift */ = {isa = PBXFileReference; lastKnownFileType = sourcecode.swift; path = Event.swift; sourceTree = "<group>"; };
		DA91E7E228EC8E580091B6A3 /* Reminder.swift */ = {isa = PBXFileReference; lastKnownFileType = sourcecode.swift; path = Reminder.swift; sourceTree = "<group>"; };
		DA91E7E428EC94170091B6A3 /* MonthlyCellView.swift */ = {isa = PBXFileReference; lastKnownFileType = sourcecode.swift; path = MonthlyCellView.swift; sourceTree = "<group>"; };
		DA91E81328EDF38F0091B6A3 /* MonthlyViewModel.swift */ = {isa = PBXFileReference; lastKnownFileType = sourcecode.swift; path = MonthlyViewModel.swift; sourceTree = "<group>"; };
		DA91E81728EE01790091B6A3 /* HeaderViewModel.swift */ = {isa = PBXFileReference; lastKnownFileType = sourcecode.swift; path = HeaderViewModel.swift; sourceTree = "<group>"; };
/* End PBXFileReference section */

/* Begin PBXFrameworksBuildPhase section */
		867958B9290A632B001D5C7F /* Frameworks */ = {
			isa = PBXFrameworksBuildPhase;
			buildActionMask = 2147483647;
			files = (
			);
			runOnlyForDeploymentPostprocessing = 0;
		};
		DA124ACD2923C54F00C6ED6C /* Frameworks */ = {
			isa = PBXFrameworksBuildPhase;
			buildActionMask = 2147483647;
			files = (
				DA124AD52923C55000C6ED6C /* SwiftUI.framework in Frameworks */,
				DA124AD32923C55000C6ED6C /* WidgetKit.framework in Frameworks */,
			);
			runOnlyForDeploymentPostprocessing = 0;
		};
		DA466E9928E685D70076AEE4 /* Frameworks */ = {
			isa = PBXFrameworksBuildPhase;
			buildActionMask = 2147483647;
			files = (
			);
			runOnlyForDeploymentPostprocessing = 0;
		};
		DA4E4A33290A529100CF45E2 /* Frameworks */ = {
			isa = PBXFrameworksBuildPhase;
			buildActionMask = 2147483647;
			files = (
			);
			runOnlyForDeploymentPostprocessing = 0;
		};
/* End PBXFrameworksBuildPhase section */

/* Begin PBXGroup section */
		86057B6029125F3000CEC6AB /* SelectorView */ = {
			isa = PBXGroup;
			children = (
				86057B6129125F4A00CEC6AB /* ColorView.swift */,
				86057B6329125F7400CEC6AB /* EmojiView.swift */,
			);
			path = SelectorView;
			sourceTree = "<group>";
		};
		8647B08A2907B4EE00EE1DA8 /* Protocol */ = {
			isa = PBXGroup;
			children = (
				86795898290A3C2D001D5C7F /* ManagerProtocol.swift */,
				8647B0882907B13C00EE1DA8 /* CalendarProtocol.swift */,
			);
			path = Protocol;
			sourceTree = "<group>";
		};
		864CB8C82924CD6400E1B7D9 /* CreateView */ = {
			isa = PBXGroup;
			children = (
				DA4E4A042908F42100CF45E2 /* CreateSelectorView.swift */,
				DA2C797F28F725E800922C47 /* ReminderCreateView */,
				DA2C796B28F5814F00922C47 /* EventCreateView */,
			);
			path = CreateView;
			sourceTree = "<group>";
		};
		864CB8C92924CE6300E1B7D9 /* BlockView */ = {
			isa = PBXGroup;
			children = (
				DA2789B7291A2F2900E76B53 /* ReminderCategoryBlockView.swift */,
			);
			path = BlockView;
			sourceTree = "<group>";
		};
		864CB8CA2924D16400E1B7D9 /* MonthlyCellView */ = {
			isa = PBXGroup;
			children = (
				DA91E7E428EC94170091B6A3 /* MonthlyCellView.swift */,
				8647AFB928FD637F00EE1DA8 /* MonthlyCellViewModel.swift */,
			);
			path = MonthlyCellView;
			sourceTree = "<group>";
		};
		864CB8CB2924D28100E1B7D9 /* ButtonStyle */ = {
			isa = PBXGroup;
			children = (
				DA3E9DA92907810E00E72E21 /* ButtonStyle.swift */,
			);
			path = ButtonStyle;
			sourceTree = "<group>";
		};
		865BE51B28EC462E00305899 /* App */ = {
			isa = PBXGroup;
			children = (
				DA466E9F28E685D70076AEE4 /* checkyApp.swift */,
			);
			path = App;
			sourceTree = "<group>";
		};
		865BE51C28EC463C00305899 /* View */ = {
			isa = PBXGroup;
			children = (
				DA2C792128EEB50500922C47 /* CheckyTapView */,
			);
			path = View;
			sourceTree = "<group>";
		};
		865BE51D28EC464700305899 /* HeaderView */ = {
			isa = PBXGroup;
			children = (
				86FC8CF928EAB49B00B7752F /* HeaderView.swift */,
				DA91E81728EE01790091B6A3 /* HeaderViewModel.swift */,
			);
			path = HeaderView;
			sourceTree = "<group>";
		};
		865BE51E28EC468600305899 /* EnvironmentObject */ = {
			isa = PBXGroup;
			children = (
				86FC8CF428EAB3CF00B7752F /* DateHolder.swift */,
			);
			path = EnvironmentObject;
			sourceTree = "<group>";
		};
		865BE51F28EC46BC00305899 /* Extension */ = {
			isa = PBXGroup;
			children = (
				DA91E7D928EB58310091B6A3 /* Extension+Date.swift */,
				869A570C2923A18500988D27 /* Extension+EKCalendar.swift */,
				865BE52328EC4B6200305899 /* Extension+Text.swift */,
				DA2C797028F6E2C800922C47 /* Extension+View.swift */,
				DA2789AE291A125E00E76B53 /* Extension+ViewModelable.swift */,
				DA3E9DAB29078FE200E72E21 /* Extension+Color.swift */,
				DA124AE92923CDCB00C6ED6C /* Extension+UserDefaults.swift */,
				DA124AEC2924A59400C6ED6C /* Extension+Notification.Name.swift */,
			);
			path = Extension;
			sourceTree = "<group>";
		};
		865BE52028EC46CB00305899 /* EventKitManager */ = {
			isa = PBXGroup;
			children = (
				DA91E7DB28EC1E880091B6A3 /* EventManager.swift */,
				8679589A290A3C64001D5C7F /* ReminderManager.swift */,
			);
			path = EventKitManager;
			sourceTree = "<group>";
		};
		865BE52128EC46D600305899 /* CalenderData */ = {
			isa = PBXGroup;
			children = (
				8647B0862907B11A00EE1DA8 /* MonthlyCalendarHelper.swift */,
				86FC8CF728EAB42500B7752F /* WeeklyCalenderHelper.swift */,
				DA91E7D728EB57AF0091B6A3 /* DateValue.swift */,
				DA91E7D528EABDED0091B6A3 /* Week.swift */,
				865BE52528EC867900305899 /* WeekOption.swift */,
			);
			path = CalenderData;
			sourceTree = "<group>";
		};
		865BE52228EC475200305899 /* CalendarGroupView */ = {
			isa = PBXGroup;
			children = (
				860F766328FCB97A00CB034B /* CalendarGroupView.swift */,
				860F766528FCB98500CB034B /* CalendarGroupViewModel.swift */,
				DA4E4A49290C74E100CF45E2 /* DailyView */,
				865BE51D28EC464700305899 /* HeaderView */,
				86F0B2BE28F6B667006E2536 /* MonthlyView */,
				86F0B2BF28F6B681006E2536 /* WeeklyView */,
			);
			path = CalendarGroupView;
			sourceTree = "<group>";
		};
		867958BD290A632B001D5C7F /* MonthlyHelperUnitTest */ = {
			isa = PBXGroup;
			children = (
				867958BE290A632B001D5C7F /* MonthlyHelperUnitTest.swift */,
			);
			path = MonthlyHelperUnitTest;
			sourceTree = "<group>";
		};
		868C543B28F41753006A9B38 /* CustomTabBar */ = {
			isa = PBXGroup;
			children = (
				868C543C28F4178D006A9B38 /* TabBarItemsPreferenceKey.swift */,
				868C543E28F417C0006A9B38 /* CustomTabBarContainerView.swift */,
				868C544028F417D9006A9B38 /* CustomTabBarView.swift */,
				868C544228F417F7006A9B38 /* TabBarItem.swift */,
			);
			path = CustomTabBar;
			sourceTree = "<group>";
		};
		869A570E2923A1AB00988D27 /* Error */ = {
			isa = PBXGroup;
			children = (
				869A570F2923A1C000988D27 /* ReminderManagerError.swift */,
				869A57112923A44100988D27 /* EventManagerError.swift */,
			);
			path = Error;
			sourceTree = "<group>";
		};
		86A1BC17291374BF006EF0CD /* ViewModuel */ = {
			isa = PBXGroup;
			children = (
				86057B6029125F3000CEC6AB /* SelectorView */,
				868E02492913AF8F0039B52E /* CategoriListCellView.swift */,
			);
			path = ViewModuel;
			sourceTree = "<group>";
		};
		86A5E5FC28EEA6200040DCFB /* DayOfWeekStackView */ = {
			isa = PBXGroup;
			children = (
				86A5E60128EEA6A80040DCFB /* DayOfWeekStackView.swift */,
				86A5E60328EEA6B10040DCFB /* DayOfWeekStackViewModel.swift */,
			);
			path = DayOfWeekStackView;
			sourceTree = "<group>";
		};
		86F0B2BE28F6B667006E2536 /* MonthlyView */ = {
			isa = PBXGroup;
			children = (
				DA466EA128E685D70076AEE4 /* MonthlyView.swift */,
				DA91E81328EDF38F0091B6A3 /* MonthlyViewModel.swift */,
				86A5E5FC28EEA6200040DCFB /* DayOfWeekStackView */,
				864CB8CA2924D16400E1B7D9 /* MonthlyCellView */,
			);
			path = MonthlyView;
			sourceTree = "<group>";
		};
		86F0B2BF28F6B681006E2536 /* WeeklyView */ = {
			isa = PBXGroup;
			children = (
				DA4E4A45290C288600CF45E2 /* WeeklyView.swift */,
				DA4E4A47290C289600CF45E2 /* WeeklyViewModel.swift */,
				DA2789AC291A081D00E76B53 /* WeeklyBlockView */,
			);
			path = WeeklyView;
			sourceTree = "<group>";
		};
		86FBE20B2910F39500961DE8 /* Setting */ = {
			isa = PBXGroup;
			children = (
				86FBE20C2910F3A200961DE8 /* SettingListView.swift */,
				868E02D22919F6120039B52E /* SettingListViewModel.swift */,
				86A1BC17291374BF006EF0CD /* ViewModuel */,
				86FBE2112910F3C100961DE8 /* Event */,
				86FBE2102910F3B300961DE8 /* Reminder */,
			);
			path = Setting;
			sourceTree = "<group>";
		};
		86FBE2102910F3B300961DE8 /* Reminder */ = {
			isa = PBXGroup;
			children = (
				86057B282911EE8000CEC6AB /* ReminderCategoriSettingView.swift */,
				86057B262911EE7700CEC6AB /* ReminderCategoriSettingViewModel.swift */,
			);
			path = Reminder;
			sourceTree = "<group>";
		};
		86FBE2112910F3C100961DE8 /* Event */ = {
			isa = PBXGroup;
			children = (
				86057B202911263B00CEC6AB /* EventCategoriSettingView.swift */,
				86057B22291129FF00CEC6AB /* EventCategoriSettingViewModel.swift */,
			);
			path = Event;
			sourceTree = "<group>";
		};
		DA124AD12923C55000C6ED6C /* Frameworks */ = {
			isa = PBXGroup;
			children = (
				DA124AD22923C55000C6ED6C /* WidgetKit.framework */,
				DA124AD42923C55000C6ED6C /* SwiftUI.framework */,
			);
			name = Frameworks;
			sourceTree = "<group>";
		};
		DA124AD62923C55000C6ED6C /* checkyWidget */ = {
			isa = PBXGroup;
			children = (
				DA124AD72923C55000C6ED6C /* checkyWidget.swift */,
				DA124AD92923C55000C6ED6C /* checkyWidget.intentdefinition */,
				DA124ADA2923C55200C6ED6C /* Assets.xcassets */,
				DA124ADC2923C55200C6ED6C /* Info.plist */,
			);
			path = checkyWidget;
			sourceTree = "<group>";
		};
		DA2789AA291A068800E76B53 /* DailyCell */ = {
			isa = PBXGroup;
			children = (
				DA4E4A4C290C78C700CF45E2 /* DailyEventCellView.swift */,
				DA78BC76290FE5E900E2E2AD /* DailyEventCellViewModel.swift */,
				DA78BC74290FC63F00E2E2AD /* DailyReminderCellView.swift */,
				DA78BC78290FE64800E2E2AD /* DailyReminderCellVeiwModel.swift */,
			);
			path = DailyCell;
			sourceTree = "<group>";
		};
		DA2789AB291A074200E76B53 /* DailyHeaderView */ = {
			isa = PBXGroup;
			children = (
				DA2789942911C7F300E76B53 /* DailyHeaderView.swift */,
			);
			path = DailyHeaderView;
			sourceTree = "<group>";
		};
		DA2789AC291A081D00E76B53 /* WeeklyBlockView */ = {
			isa = PBXGroup;
			children = (
				86F0B2C028F6B71A006E2536 /* WeeklyBlockView.swift */,
				86F0B2C228F6B726006E2536 /* WeeklyBlockViewModel.swift */,
				DA2789AD291A083400E76B53 /* WeeklyCell */,
			);
			path = WeeklyBlockView;
			sourceTree = "<group>";
		};
		DA2789AD291A083400E76B53 /* WeeklyCell */ = {
			isa = PBXGroup;
			children = (
				86F0B2C428F6B969006E2536 /* WeeklyCellView.swift */,
				8647AFBB28FD639100EE1DA8 /* WeeklyCellViewModel.swift */,
			);
			path = WeeklyCell;
			sourceTree = "<group>";
		};
		DA2789B0291A145C00E76B53 /* Reminder */ = {
			isa = PBXGroup;
			children = (
				DA2789B1291A148500E76B53 /* ReminderView.swift */,
				DA2789B3291A172E00E76B53 /* ReminderViewModel.swift */,
				864CB8C92924CE6300E1B7D9 /* BlockView */,
			);
			path = Reminder;
			sourceTree = "<group>";
		};
		DA2C792128EEB50500922C47 /* CheckyTapView */ = {
			isa = PBXGroup;
			children = (
				868C544428F4199D006A9B38 /* CheckyTapView.swift */,
				868C544628F419B1006A9B38 /* CheckyTapViewModel.swift */,
				865BE52228EC475200305899 /* CalendarGroupView */,
				DA2789B0291A145C00E76B53 /* Reminder */,
				86FBE20B2910F39500961DE8 /* Setting */,
				864CB8C82924CD6400E1B7D9 /* CreateView */,
			);
			path = CheckyTapView;
			sourceTree = "<group>";
		};
		DA2C796428EF004000922C47 /* Coordinator */ = {
			isa = PBXGroup;
			children = (
				869BAA932908A4A200D4D71D /* CheckyRouter.swift */,
				DA2C796528EF005B00922C47 /* NavigationRouter.swift */,
				DA2C796728EF007900922C47 /* NavigationTranisitionStyle.swift */,
				DA2C796928EF009800922C47 /* Coordinator.swift */,
			);
			path = Coordinator;
			sourceTree = "<group>";
		};
		DA2C796B28F5814F00922C47 /* EventCreateView */ = {
			isa = PBXGroup;
			children = (
				DA2C796C28F5817600922C47 /* EventCreateAndEditView.swift */,
				DA2C796E28F6CB1A00922C47 /* EventCreateAndEditViewModel.swift */,
				DA2C797228F6F25C00922C47 /* AlramTime.swift */,
			);
			path = EventCreateView;
			sourceTree = "<group>";
		};
		DA2C797F28F725E800922C47 /* ReminderCreateView */ = {
			isa = PBXGroup;
			children = (
				DA2C798028F7265D00922C47 /* ReminderCreateAndEditView.swift */,
				DA2C798228F7268F00922C47 /* ReminderCreateAndEditViewModel.swift */,
			);
			path = ReminderCreateView;
			sourceTree = "<group>";
		};
		DA466E9328E685D70076AEE4 = {
			isa = PBXGroup;
			children = (
				DA124AE82923CD5000C6ED6C /* checkyWidgetExtension.entitlements */,
				DA466E9E28E685D70076AEE4 /* checky */,
				DA4E4A37290A529200CF45E2 /* checkyTests */,
				867958BD290A632B001D5C7F /* MonthlyHelperUnitTest */,
				DA124AD62923C55000C6ED6C /* checkyWidget */,
				DA124AD12923C55000C6ED6C /* Frameworks */,
				DA466E9D28E685D70076AEE4 /* Products */,
			);
			sourceTree = "<group>";
		};
		DA466E9D28E685D70076AEE4 /* Products */ = {
			isa = PBXGroup;
			children = (
				DA466E9C28E685D70076AEE4 /* checky.app */,
				DA4E4A36290A529100CF45E2 /* checkyTests.xctest */,
				867958BC290A632B001D5C7F /* MonthlyHelperUnitTest.xctest */,
				DA124AD02923C54F00C6ED6C /* checkyWidgetExtension.appex */,
			);
			name = Products;
			sourceTree = "<group>";
		};
		DA466E9E28E685D70076AEE4 /* checky */ = {
			isa = PBXGroup;
			children = (
				DA124AEB2923D01200C6ED6C /* checky.entitlements */,
				DA2C796028EEFF7700922C47 /* AppDelegate.swift */,
				DA2C796228EEFFA300922C47 /* SceneDelegate.swift */,
				868C543B28F41753006A9B38 /* CustomTabBar */,
				DA2C796428EF004000922C47 /* Coordinator */,
				DA91E7DF28EC8DDB0091B6A3 /* Model */,
				865BE51E28EC468600305899 /* EnvironmentObject */,
				865BE51B28EC462E00305899 /* App */,
				865BE51C28EC463C00305899 /* View */,
				865BE52128EC46D600305899 /* CalenderData */,
				865BE52028EC46CB00305899 /* EventKitManager */,
				8647B08A2907B4EE00EE1DA8 /* Protocol */,
				865BE51F28EC46BC00305899 /* Extension */,
				864CB8CB2924D28100E1B7D9 /* ButtonStyle */,
				869A570E2923A1AB00988D27 /* Error */,
				865BE51828EC2E6F00305899 /* Info.plist */,
				DA466EA328E685D90076AEE4 /* Assets.xcassets */,
				DA466EA528E685D90076AEE4 /* Preview Content */,
			);
			path = checky;
			sourceTree = "<group>";
		};
		DA466EA528E685D90076AEE4 /* Preview Content */ = {
			isa = PBXGroup;
			children = (
				DA466EA628E685D90076AEE4 /* Preview Assets.xcassets */,
			);
			path = "Preview Content";
			sourceTree = "<group>";
		};
		DA4E4A37290A529200CF45E2 /* checkyTests */ = {
			isa = PBXGroup;
			children = (
				DA4E4A38290A529200CF45E2 /* WeeklyCalendarHelperTest.swift */,
			);
			path = checkyTests;
			sourceTree = "<group>";
		};
		DA4E4A49290C74E100CF45E2 /* DailyView */ = {
			isa = PBXGroup;
			children = (
				DA4E4A4A290C74F800CF45E2 /* DailyView.swift */,
				DA4E4A4E290C8ADA00CF45E2 /* DailyViewModel.swift */,
				DA2789AB291A074200E76B53 /* DailyHeaderView */,
				DA2789AA291A068800E76B53 /* DailyCell */,
			);
			path = DailyView;
			sourceTree = "<group>";
		};
		DA91E7DF28EC8DDB0091B6A3 /* Model */ = {
			isa = PBXGroup;
			children = (
				DA91E7E028EC8DFC0091B6A3 /* Event.swift */,
				DA91E7E228EC8E580091B6A3 /* Reminder.swift */,
			);
			path = Model;
			sourceTree = "<group>";
		};
/* End PBXGroup section */

/* Begin PBXNativeTarget section */
		867958BB290A632B001D5C7F /* MonthlyHelperUnitTest */ = {
			isa = PBXNativeTarget;
			buildConfigurationList = 867958C4290A632B001D5C7F /* Build configuration list for PBXNativeTarget "MonthlyHelperUnitTest" */;
			buildPhases = (
				867958B8290A632B001D5C7F /* Sources */,
				867958B9290A632B001D5C7F /* Frameworks */,
				867958BA290A632B001D5C7F /* Resources */,
			);
			buildRules = (
			);
			dependencies = (
				867958C1290A632B001D5C7F /* PBXTargetDependency */,
			);
			name = MonthlyHelperUnitTest;
			productName = MonthlyHelperUnitTest;
			productReference = 867958BC290A632B001D5C7F /* MonthlyHelperUnitTest.xctest */;
			productType = "com.apple.product-type.bundle.unit-test";
		};
		DA124ACF2923C54F00C6ED6C /* checkyWidgetExtension */ = {
			isa = PBXNativeTarget;
			buildConfigurationList = DA124AE52923C55200C6ED6C /* Build configuration list for PBXNativeTarget "checkyWidgetExtension" */;
			buildPhases = (
				DA124ACC2923C54F00C6ED6C /* Sources */,
				DA124ACD2923C54F00C6ED6C /* Frameworks */,
				DA124ACE2923C54F00C6ED6C /* Resources */,
			);
			buildRules = (
			);
			dependencies = (
			);
			name = checkyWidgetExtension;
			productName = checkyWidgetExtension;
			productReference = DA124AD02923C54F00C6ED6C /* checkyWidgetExtension.appex */;
			productType = "com.apple.product-type.app-extension";
		};
		DA466E9B28E685D70076AEE4 /* checky */ = {
			isa = PBXNativeTarget;
			buildConfigurationList = DA466EAA28E685D90076AEE4 /* Build configuration list for PBXNativeTarget "checky" */;
			buildPhases = (
				DA466E9828E685D70076AEE4 /* Sources */,
				DA466E9928E685D70076AEE4 /* Frameworks */,
				DA466E9A28E685D70076AEE4 /* Resources */,
				DA124AE12923C55200C6ED6C /* Embed Foundation Extensions */,
			);
			buildRules = (
			);
			dependencies = (
				DA124AE02923C55200C6ED6C /* PBXTargetDependency */,
			);
			name = checky;
			packageProductDependencies = (
			);
			productName = checky;
			productReference = DA466E9C28E685D70076AEE4 /* checky.app */;
			productType = "com.apple.product-type.application";
		};
		DA4E4A35290A529100CF45E2 /* checkyTests */ = {
			isa = PBXNativeTarget;
			buildConfigurationList = DA4E4A3E290A529200CF45E2 /* Build configuration list for PBXNativeTarget "checkyTests" */;
			buildPhases = (
				DA4E4A32290A529100CF45E2 /* Sources */,
				DA4E4A33290A529100CF45E2 /* Frameworks */,
				DA4E4A34290A529100CF45E2 /* Resources */,
			);
			buildRules = (
			);
			dependencies = (
				DA4E4A3B290A529200CF45E2 /* PBXTargetDependency */,
			);
			name = checkyTests;
			productName = checkyTests;
			productReference = DA4E4A36290A529100CF45E2 /* checkyTests.xctest */;
			productType = "com.apple.product-type.bundle.unit-test";
		};
/* End PBXNativeTarget section */

/* Begin PBXProject section */
		DA466E9428E685D70076AEE4 /* Project object */ = {
			isa = PBXProject;
			attributes = {
				BuildIndependentTargetsInParallel = 1;
				LastSwiftUpdateCheck = 1400;
				LastUpgradeCheck = 1340;
				TargetAttributes = {
					867958BB290A632B001D5C7F = {
						CreatedOnToolsVersion = 14.0.1;
						TestTargetID = DA466E9B28E685D70076AEE4;
					};
					DA124ACF2923C54F00C6ED6C = {
						CreatedOnToolsVersion = 14.0.1;
					};
					DA466E9B28E685D70076AEE4 = {
						CreatedOnToolsVersion = 13.4.1;
					};
					DA4E4A35290A529100CF45E2 = {
						CreatedOnToolsVersion = 14.0.1;
						TestTargetID = DA466E9B28E685D70076AEE4;
					};
				};
			};
			buildConfigurationList = DA466E9728E685D70076AEE4 /* Build configuration list for PBXProject "checky" */;
			compatibilityVersion = "Xcode 13.0";
			developmentRegion = en;
			hasScannedForEncodings = 0;
			knownRegions = (
				en,
				Base,
			);
			mainGroup = DA466E9328E685D70076AEE4;
			packageReferences = (
			);
			productRefGroup = DA466E9D28E685D70076AEE4 /* Products */;
			projectDirPath = "";
			projectRoot = "";
			targets = (
				DA466E9B28E685D70076AEE4 /* checky */,
				DA4E4A35290A529100CF45E2 /* checkyTests */,
				867958BB290A632B001D5C7F /* MonthlyHelperUnitTest */,
				DA124ACF2923C54F00C6ED6C /* checkyWidgetExtension */,
			);
		};
/* End PBXProject section */

/* Begin PBXResourcesBuildPhase section */
		867958BA290A632B001D5C7F /* Resources */ = {
			isa = PBXResourcesBuildPhase;
			buildActionMask = 2147483647;
			files = (
			);
			runOnlyForDeploymentPostprocessing = 0;
		};
		DA124ACE2923C54F00C6ED6C /* Resources */ = {
			isa = PBXResourcesBuildPhase;
			buildActionMask = 2147483647;
			files = (
				DA124ADB2923C55200C6ED6C /* Assets.xcassets in Resources */,
			);
			runOnlyForDeploymentPostprocessing = 0;
		};
		DA466E9A28E685D70076AEE4 /* Resources */ = {
			isa = PBXResourcesBuildPhase;
			buildActionMask = 2147483647;
			files = (
				DA466EA728E685D90076AEE4 /* Preview Assets.xcassets in Resources */,
				DA466EA428E685D90076AEE4 /* Assets.xcassets in Resources */,
			);
			runOnlyForDeploymentPostprocessing = 0;
		};
		DA4E4A34290A529100CF45E2 /* Resources */ = {
			isa = PBXResourcesBuildPhase;
			buildActionMask = 2147483647;
			files = (
			);
			runOnlyForDeploymentPostprocessing = 0;
		};
/* End PBXResourcesBuildPhase section */

/* Begin PBXSourcesBuildPhase section */
		867958B8290A632B001D5C7F /* Sources */ = {
			isa = PBXSourcesBuildPhase;
			buildActionMask = 2147483647;
			files = (
				867958BF290A632B001D5C7F /* MonthlyHelperUnitTest.swift in Sources */,
			);
			runOnlyForDeploymentPostprocessing = 0;
		};
		DA124ACC2923C54F00C6ED6C /* Sources */ = {
			isa = PBXSourcesBuildPhase;
			buildActionMask = 2147483647;
			files = (
				DA124AD82923C55000C6ED6C /* checkyWidget.swift in Sources */,
				DA124AE72923C6F900C6ED6C /* Extension+Date.swift in Sources */,
				DA124AE62923C6AC00C6ED6C /* Extension+Color.swift in Sources */,
				DA124ADD2923C55200C6ED6C /* checkyWidget.intentdefinition in Sources */,
			);
			runOnlyForDeploymentPostprocessing = 0;
		};
		DA466E9828E685D70076AEE4 /* Sources */ = {
			isa = PBXSourcesBuildPhase;
			buildActionMask = 2147483647;
			files = (
				DA466EA228E685D70076AEE4 /* MonthlyView.swift in Sources */,
				DA2789952911C7F300E76B53 /* DailyHeaderView.swift in Sources */,
				DA91E7D628EABDED0091B6A3 /* Week.swift in Sources */,
				DA2C796128EEFF7700922C47 /* AppDelegate.swift in Sources */,
				DA2789AF291A125E00E76B53 /* Extension+ViewModelable.swift in Sources */,
				8679589B290A3C64001D5C7F /* ReminderManager.swift in Sources */,
				DA466EA028E685D70076AEE4 /* checkyApp.swift in Sources */,
				868E02D32919F6120039B52E /* SettingListViewModel.swift in Sources */,
				868C543F28F417C0006A9B38 /* CustomTabBarContainerView.swift in Sources */,
				865BE52628EC867900305899 /* WeekOption.swift in Sources */,
				DA91E7E528EC94180091B6A3 /* MonthlyCellView.swift in Sources */,
				DA4E4A4F290C8ADB00CF45E2 /* DailyViewModel.swift in Sources */,
				DA3E9DAC29078FE200E72E21 /* Extension+Color.swift in Sources */,
				DA124AED2924A59400C6ED6C /* Extension+Notification.Name.swift in Sources */,
				DA91E81828EE01790091B6A3 /* HeaderViewModel.swift in Sources */,
				DA4E4A46290C288600CF45E2 /* WeeklyView.swift in Sources */,
				DA124AEA2923CDCB00C6ED6C /* Extension+UserDefaults.swift in Sources */,
				DA2C798328F7268F00922C47 /* ReminderCreateAndEditViewModel.swift in Sources */,
				DA3E9DAA2907810E00E72E21 /* ButtonStyle.swift in Sources */,
				DA78BC75290FC63F00E2E2AD /* DailyReminderCellView.swift in Sources */,
				DA91E7E128EC8DFC0091B6A3 /* Event.swift in Sources */,
				868C544128F417D9006A9B38 /* CustomTabBarView.swift in Sources */,
				DA2C796628EF005B00922C47 /* NavigationRouter.swift in Sources */,
				869A570D2923A18500988D27 /* Extension+EKCalendar.swift in Sources */,
				86A5E60228EEA6A80040DCFB /* DayOfWeekStackView.swift in Sources */,
				86FC8CFA28EAB49B00B7752F /* HeaderView.swift in Sources */,
				86057B212911263B00CEC6AB /* EventCategoriSettingView.swift in Sources */,
				DA2C797328F6F25C00922C47 /* AlramTime.swift in Sources */,
				868C544728F419B1006A9B38 /* CheckyTapViewModel.swift in Sources */,
				86F0B2C328F6B726006E2536 /* WeeklyBlockViewModel.swift in Sources */,
				DA91E7DC28EC1E880091B6A3 /* EventManager.swift in Sources */,
				86FBE20D2910F3A200961DE8 /* SettingListView.swift in Sources */,
				868C544528F4199D006A9B38 /* CheckyTapView.swift in Sources */,
				868E024A2913AF8F0039B52E /* CategoriListCellView.swift in Sources */,
				860F766428FCB97A00CB034B /* CalendarGroupView.swift in Sources */,
				869A57122923A44100988D27 /* EventManagerError.swift in Sources */,
				DA2C796828EF007900922C47 /* NavigationTranisitionStyle.swift in Sources */,
				DA4E4A48290C289600CF45E2 /* WeeklyViewModel.swift in Sources */,
				DA2789B2291A148500E76B53 /* ReminderView.swift in Sources */,
				86F0B2C128F6B71A006E2536 /* WeeklyBlockView.swift in Sources */,
				DA91E7D828EB57AF0091B6A3 /* DateValue.swift in Sources */,
				86795899290A3C2D001D5C7F /* ManagerProtocol.swift in Sources */,
				8647B0892907B13C00EE1DA8 /* CalendarProtocol.swift in Sources */,
				8647B0872907B11A00EE1DA8 /* MonthlyCalendarHelper.swift in Sources */,
				DA4E4A4B290C74F800CF45E2 /* DailyView.swift in Sources */,
				8647AFBC28FD639100EE1DA8 /* WeeklyCellViewModel.swift in Sources */,
				86057B23291129FF00CEC6AB /* EventCategoriSettingViewModel.swift in Sources */,
				DA91E81428EDF3900091B6A3 /* MonthlyViewModel.swift in Sources */,
				DA2C797128F6E2C800922C47 /* Extension+View.swift in Sources */,
				DA91E81428EDF3900091B6A3 /* MonthlyViewModel.swift in Sources */,
				86057B6429125F7400CEC6AB /* EmojiView.swift in Sources */,
				DA2789B8291A2F2900E76B53 /* ReminderCategoryBlockView.swift in Sources */,
				868C543D28F4178D006A9B38 /* TabBarItemsPreferenceKey.swift in Sources */,
				DA78BC79290FE64800E2E2AD /* DailyReminderCellVeiwModel.swift in Sources */,
				865BE52428EC4B6200305899 /* Extension+Text.swift in Sources */,
				DA91E7E328EC8E580091B6A3 /* Reminder.swift in Sources */,
				DA2C796A28EF009800922C47 /* Coordinator.swift in Sources */,
				86057B272911EE7700CEC6AB /* ReminderCategoriSettingViewModel.swift in Sources */,
				DA124ADE2923C55200C6ED6C /* checkyWidget.intentdefinition in Sources */,
				869A57102923A1C000988D27 /* ReminderManagerError.swift in Sources */,
				DA2C796F28F6CB1A00922C47 /* EventCreateAndEditViewModel.swift in Sources */,
				86057B6229125F4A00CEC6AB /* ColorView.swift in Sources */,
				DA2C796D28F5817600922C47 /* EventCreateAndEditView.swift in Sources */,
				869BAA942908A4A200D4D71D /* CheckyRouter.swift in Sources */,
				DA4E4A052908F42100CF45E2 /* CreateSelectorView.swift in Sources */,
				DA2C798128F7265D00922C47 /* ReminderCreateAndEditView.swift in Sources */,
				868C544328F417F7006A9B38 /* TabBarItem.swift in Sources */,
				DA2789B4291A172F00E76B53 /* ReminderViewModel.swift in Sources */,
				8647AFBA28FD637F00EE1DA8 /* MonthlyCellViewModel.swift in Sources */,
				DA2C796328EEFFA300922C47 /* SceneDelegate.swift in Sources */,
				DA4E4A4D290C78C700CF45E2 /* DailyEventCellView.swift in Sources */,
				86F0B2C528F6B969006E2536 /* WeeklyCellView.swift in Sources */,
				86057B292911EE8000CEC6AB /* ReminderCategoriSettingView.swift in Sources */,
				86A5E60428EEA6B10040DCFB /* DayOfWeekStackViewModel.swift in Sources */,
				86FC8CF528EAB3CF00B7752F /* DateHolder.swift in Sources */,
				860F766628FCB98500CB034B /* CalendarGroupViewModel.swift in Sources */,
				86FC8CF828EAB42500B7752F /* WeeklyCalenderHelper.swift in Sources */,
				DA78BC77290FE5E900E2E2AD /* DailyEventCellViewModel.swift in Sources */,
				DA91E7DA28EB58310091B6A3 /* Extension+Date.swift in Sources */,
			);
			runOnlyForDeploymentPostprocessing = 0;
		};
		DA4E4A32290A529100CF45E2 /* Sources */ = {
			isa = PBXSourcesBuildPhase;
			buildActionMask = 2147483647;
			files = (
				DA4E4A39290A529200CF45E2 /* WeeklyCalendarHelperTest.swift in Sources */,
			);
			runOnlyForDeploymentPostprocessing = 0;
		};
/* End PBXSourcesBuildPhase section */

/* Begin PBXTargetDependency section */
		867958C1290A632B001D5C7F /* PBXTargetDependency */ = {
			isa = PBXTargetDependency;
			target = DA466E9B28E685D70076AEE4 /* checky */;
			targetProxy = 867958C0290A632B001D5C7F /* PBXContainerItemProxy */;
		};
		DA124AE02923C55200C6ED6C /* PBXTargetDependency */ = {
			isa = PBXTargetDependency;
			target = DA124ACF2923C54F00C6ED6C /* checkyWidgetExtension */;
			targetProxy = DA124ADF2923C55200C6ED6C /* PBXContainerItemProxy */;
		};
		DA4E4A3B290A529200CF45E2 /* PBXTargetDependency */ = {
			isa = PBXTargetDependency;
			target = DA466E9B28E685D70076AEE4 /* checky */;
			targetProxy = DA4E4A3A290A529200CF45E2 /* PBXContainerItemProxy */;
		};
/* End PBXTargetDependency section */

/* Begin XCBuildConfiguration section */
		867958C2290A632B001D5C7F /* Debug */ = {
			isa = XCBuildConfiguration;
			buildSettings = {
				BUNDLE_LOADER = "$(TEST_HOST)";
				CLANG_CXX_LANGUAGE_STANDARD = "gnu++20";
				CODE_SIGN_STYLE = Automatic;
				CURRENT_PROJECT_VERSION = 1;
				DEVELOPMENT_TEAM = YB5KQCLMY6;
				GENERATE_INFOPLIST_FILE = YES;
				IPHONEOS_DEPLOYMENT_TARGET = 16.0;
				MACOSX_DEPLOYMENT_TARGET = 12.3;
				MARKETING_VERSION = 1.0;
				PRODUCT_BUNDLE_IDENTIFIER = joohan.MonthlyHelperUnitTest;
				PRODUCT_NAME = "$(TARGET_NAME)";
				SDKROOT = auto;
				SUPPORTED_PLATFORMS = "iphoneos iphonesimulator macosx";
				SWIFT_EMIT_LOC_STRINGS = NO;
				SWIFT_VERSION = 5.0;
				TARGETED_DEVICE_FAMILY = "1,2";
				TEST_HOST = "$(BUILT_PRODUCTS_DIR)/checky.app/$(BUNDLE_EXECUTABLE_FOLDER_PATH)/checky";
			};
			name = Debug;
		};
		867958C3290A632B001D5C7F /* Release */ = {
			isa = XCBuildConfiguration;
			buildSettings = {
				BUNDLE_LOADER = "$(TEST_HOST)";
				CLANG_CXX_LANGUAGE_STANDARD = "gnu++20";
				CODE_SIGN_STYLE = Automatic;
				CURRENT_PROJECT_VERSION = 1;
				DEVELOPMENT_TEAM = YB5KQCLMY6;
				GENERATE_INFOPLIST_FILE = YES;
				IPHONEOS_DEPLOYMENT_TARGET = 16.0;
				MACOSX_DEPLOYMENT_TARGET = 12.3;
				MARKETING_VERSION = 1.0;
				PRODUCT_BUNDLE_IDENTIFIER = joohan.MonthlyHelperUnitTest;
				PRODUCT_NAME = "$(TARGET_NAME)";
				SDKROOT = auto;
				SUPPORTED_PLATFORMS = "iphoneos iphonesimulator macosx";
				SWIFT_EMIT_LOC_STRINGS = NO;
				SWIFT_VERSION = 5.0;
				TARGETED_DEVICE_FAMILY = "1,2";
				TEST_HOST = "$(BUILT_PRODUCTS_DIR)/checky.app/$(BUNDLE_EXECUTABLE_FOLDER_PATH)/checky";
			};
			name = Release;
		};
		DA124AE32923C55200C6ED6C /* Debug */ = {
			isa = XCBuildConfiguration;
			buildSettings = {
				ASSETCATALOG_COMPILER_GLOBAL_ACCENT_COLOR_NAME = AccentColor;
				ASSETCATALOG_COMPILER_WIDGET_BACKGROUND_COLOR_NAME = WidgetBackground;
				CLANG_CXX_LANGUAGE_STANDARD = "gnu++20";
				CODE_SIGN_ENTITLEMENTS = checkyWidgetExtension.entitlements;
				CODE_SIGN_STYLE = Automatic;
				CURRENT_PROJECT_VERSION = 1;
				DEVELOPMENT_TEAM = LZZV4V63N5;
				GENERATE_INFOPLIST_FILE = YES;
				INFOPLIST_FILE = checkyWidget/Info.plist;
				INFOPLIST_KEY_CFBundleDisplayName = checkyWidget;
				INFOPLIST_KEY_NSHumanReadableCopyright = "";
				LD_RUNPATH_SEARCH_PATHS = (
					"$(inherited)",
					"@executable_path/Frameworks",
					"@executable_path/../../Frameworks",
				);
				MARKETING_VERSION = 1.0;
				PRODUCT_BUNDLE_IDENTIFIER = net.cherrishRed.checky.checkyWidget;
				PRODUCT_NAME = "$(TARGET_NAME)";
				SKIP_INSTALL = YES;
				SWIFT_EMIT_LOC_STRINGS = YES;
				SWIFT_VERSION = 5.0;
				TARGETED_DEVICE_FAMILY = "1,2";
			};
			name = Debug;
		};
		DA124AE42923C55200C6ED6C /* Release */ = {
			isa = XCBuildConfiguration;
			buildSettings = {
				ASSETCATALOG_COMPILER_GLOBAL_ACCENT_COLOR_NAME = AccentColor;
				ASSETCATALOG_COMPILER_WIDGET_BACKGROUND_COLOR_NAME = WidgetBackground;
				CLANG_CXX_LANGUAGE_STANDARD = "gnu++20";
				CODE_SIGN_ENTITLEMENTS = checkyWidgetExtension.entitlements;
				CODE_SIGN_STYLE = Automatic;
				CURRENT_PROJECT_VERSION = 1;
				DEVELOPMENT_TEAM = LZZV4V63N5;
				GENERATE_INFOPLIST_FILE = YES;
				INFOPLIST_FILE = checkyWidget/Info.plist;
				INFOPLIST_KEY_CFBundleDisplayName = checkyWidget;
				INFOPLIST_KEY_NSHumanReadableCopyright = "";
				LD_RUNPATH_SEARCH_PATHS = (
					"$(inherited)",
					"@executable_path/Frameworks",
					"@executable_path/../../Frameworks",
				);
				MARKETING_VERSION = 1.0;
				PRODUCT_BUNDLE_IDENTIFIER = net.cherrishRed.checky.checkyWidget;
				PRODUCT_NAME = "$(TARGET_NAME)";
				SKIP_INSTALL = YES;
				SWIFT_EMIT_LOC_STRINGS = YES;
				SWIFT_VERSION = 5.0;
				TARGETED_DEVICE_FAMILY = "1,2";
			};
			name = Release;
		};
		DA466EA828E685D90076AEE4 /* Debug */ = {
			isa = XCBuildConfiguration;
			buildSettings = {
				ALWAYS_SEARCH_USER_PATHS = NO;
				CLANG_ANALYZER_NONNULL = YES;
				CLANG_ANALYZER_NUMBER_OBJECT_CONVERSION = YES_AGGRESSIVE;
				CLANG_CXX_LANGUAGE_STANDARD = "gnu++17";
				CLANG_ENABLE_MODULES = YES;
				CLANG_ENABLE_OBJC_ARC = YES;
				CLANG_ENABLE_OBJC_WEAK = YES;
				CLANG_WARN_BLOCK_CAPTURE_AUTORELEASING = YES;
				CLANG_WARN_BOOL_CONVERSION = YES;
				CLANG_WARN_COMMA = YES;
				CLANG_WARN_CONSTANT_CONVERSION = YES;
				CLANG_WARN_DEPRECATED_OBJC_IMPLEMENTATIONS = YES;
				CLANG_WARN_DIRECT_OBJC_ISA_USAGE = YES_ERROR;
				CLANG_WARN_DOCUMENTATION_COMMENTS = YES;
				CLANG_WARN_EMPTY_BODY = YES;
				CLANG_WARN_ENUM_CONVERSION = YES;
				CLANG_WARN_INFINITE_RECURSION = YES;
				CLANG_WARN_INT_CONVERSION = YES;
				CLANG_WARN_NON_LITERAL_NULL_CONVERSION = YES;
				CLANG_WARN_OBJC_IMPLICIT_RETAIN_SELF = YES;
				CLANG_WARN_OBJC_LITERAL_CONVERSION = YES;
				CLANG_WARN_OBJC_ROOT_CLASS = YES_ERROR;
				CLANG_WARN_QUOTED_INCLUDE_IN_FRAMEWORK_HEADER = YES;
				CLANG_WARN_RANGE_LOOP_ANALYSIS = YES;
				CLANG_WARN_STRICT_PROTOTYPES = YES;
				CLANG_WARN_SUSPICIOUS_MOVE = YES;
				CLANG_WARN_UNGUARDED_AVAILABILITY = YES_AGGRESSIVE;
				CLANG_WARN_UNREACHABLE_CODE = YES;
				CLANG_WARN__DUPLICATE_METHOD_MATCH = YES;
				COPY_PHASE_STRIP = NO;
				DEBUG_INFORMATION_FORMAT = dwarf;
				ENABLE_STRICT_OBJC_MSGSEND = YES;
				ENABLE_TESTABILITY = YES;
				GCC_C_LANGUAGE_STANDARD = gnu11;
				GCC_DYNAMIC_NO_PIC = NO;
				GCC_NO_COMMON_BLOCKS = YES;
				GCC_OPTIMIZATION_LEVEL = 0;
				GCC_PREPROCESSOR_DEFINITIONS = (
					"DEBUG=1",
					"$(inherited)",
				);
				GCC_WARN_64_TO_32_BIT_CONVERSION = YES;
				GCC_WARN_ABOUT_RETURN_TYPE = YES_ERROR;
				GCC_WARN_UNDECLARED_SELECTOR = YES;
				GCC_WARN_UNINITIALIZED_AUTOS = YES_AGGRESSIVE;
				GCC_WARN_UNUSED_FUNCTION = YES;
				GCC_WARN_UNUSED_VARIABLE = YES;
				IPHONEOS_DEPLOYMENT_TARGET = 15.0;
				MTL_ENABLE_DEBUG_INFO = INCLUDE_SOURCE;
				MTL_FAST_MATH = YES;
				ONLY_ACTIVE_ARCH = YES;
				SDKROOT = iphoneos;
				SWIFT_ACTIVE_COMPILATION_CONDITIONS = DEBUG;
				SWIFT_OPTIMIZATION_LEVEL = "-Onone";
			};
			name = Debug;
		};
		DA466EA928E685D90076AEE4 /* Release */ = {
			isa = XCBuildConfiguration;
			buildSettings = {
				ALWAYS_SEARCH_USER_PATHS = NO;
				CLANG_ANALYZER_NONNULL = YES;
				CLANG_ANALYZER_NUMBER_OBJECT_CONVERSION = YES_AGGRESSIVE;
				CLANG_CXX_LANGUAGE_STANDARD = "gnu++17";
				CLANG_ENABLE_MODULES = YES;
				CLANG_ENABLE_OBJC_ARC = YES;
				CLANG_ENABLE_OBJC_WEAK = YES;
				CLANG_WARN_BLOCK_CAPTURE_AUTORELEASING = YES;
				CLANG_WARN_BOOL_CONVERSION = YES;
				CLANG_WARN_COMMA = YES;
				CLANG_WARN_CONSTANT_CONVERSION = YES;
				CLANG_WARN_DEPRECATED_OBJC_IMPLEMENTATIONS = YES;
				CLANG_WARN_DIRECT_OBJC_ISA_USAGE = YES_ERROR;
				CLANG_WARN_DOCUMENTATION_COMMENTS = YES;
				CLANG_WARN_EMPTY_BODY = YES;
				CLANG_WARN_ENUM_CONVERSION = YES;
				CLANG_WARN_INFINITE_RECURSION = YES;
				CLANG_WARN_INT_CONVERSION = YES;
				CLANG_WARN_NON_LITERAL_NULL_CONVERSION = YES;
				CLANG_WARN_OBJC_IMPLICIT_RETAIN_SELF = YES;
				CLANG_WARN_OBJC_LITERAL_CONVERSION = YES;
				CLANG_WARN_OBJC_ROOT_CLASS = YES_ERROR;
				CLANG_WARN_QUOTED_INCLUDE_IN_FRAMEWORK_HEADER = YES;
				CLANG_WARN_RANGE_LOOP_ANALYSIS = YES;
				CLANG_WARN_STRICT_PROTOTYPES = YES;
				CLANG_WARN_SUSPICIOUS_MOVE = YES;
				CLANG_WARN_UNGUARDED_AVAILABILITY = YES_AGGRESSIVE;
				CLANG_WARN_UNREACHABLE_CODE = YES;
				CLANG_WARN__DUPLICATE_METHOD_MATCH = YES;
				COPY_PHASE_STRIP = NO;
				DEBUG_INFORMATION_FORMAT = "dwarf-with-dsym";
				ENABLE_NS_ASSERTIONS = NO;
				ENABLE_STRICT_OBJC_MSGSEND = YES;
				GCC_C_LANGUAGE_STANDARD = gnu11;
				GCC_NO_COMMON_BLOCKS = YES;
				GCC_WARN_64_TO_32_BIT_CONVERSION = YES;
				GCC_WARN_ABOUT_RETURN_TYPE = YES_ERROR;
				GCC_WARN_UNDECLARED_SELECTOR = YES;
				GCC_WARN_UNINITIALIZED_AUTOS = YES_AGGRESSIVE;
				GCC_WARN_UNUSED_FUNCTION = YES;
				GCC_WARN_UNUSED_VARIABLE = YES;
				IPHONEOS_DEPLOYMENT_TARGET = 15.0;
				MTL_ENABLE_DEBUG_INFO = NO;
				MTL_FAST_MATH = YES;
				SDKROOT = iphoneos;
				SWIFT_COMPILATION_MODE = wholemodule;
				SWIFT_OPTIMIZATION_LEVEL = "-O";
				VALIDATE_PRODUCT = YES;
			};
			name = Release;
		};
		DA466EAB28E685D90076AEE4 /* Debug */ = {
			isa = XCBuildConfiguration;
			buildSettings = {
				ALWAYS_EMBED_SWIFT_STANDARD_LIBRARIES = YES;
				ASSETCATALOG_COMPILER_APPICON_NAME = AppIcon;
				ASSETCATALOG_COMPILER_GLOBAL_ACCENT_COLOR_NAME = AccentColor;
				CODE_SIGN_ENTITLEMENTS = checky/checky.entitlements;
				CODE_SIGN_STYLE = Automatic;
				CURRENT_PROJECT_VERSION = 1;
				DEVELOPMENT_ASSET_PATHS = "\"checky/Preview Content\"";
				DEVELOPMENT_TEAM = LZZV4V63N5;
				ENABLE_PREVIEWS = YES;
				GENERATE_INFOPLIST_FILE = YES;
				INFOPLIST_FILE = checky/Info.plist;
				INFOPLIST_KEY_NSCalendarsUsageDescription = "\"checky앱은 애플 캘린더와 연동되는 캘린더 앱 입니다. 애플 캘린더의 일정을 checky 앱에 보여지기 위해서는 캘린더 접근 권한이 필요합니다.\"";
				INFOPLIST_KEY_NSRemindersUsageDescription = "\"checky 앱은 애플 미리알림과 연동되는 캘린더 앱입니다. checky앱의 미리알림을 띄우기 위해서는, 미리알림 정보 접근 권한이 필요합니다.\"";
				INFOPLIST_KEY_UIApplicationSceneManifest_Generation = YES;
				INFOPLIST_KEY_UIApplicationSupportsIndirectInputEvents = YES;
				INFOPLIST_KEY_UILaunchScreen_Generation = YES;
				INFOPLIST_KEY_UISupportedInterfaceOrientations = UIInterfaceOrientationPortrait;
				INFOPLIST_KEY_UISupportedInterfaceOrientations_iPad = "UIInterfaceOrientationLandscapeLeft UIInterfaceOrientationLandscapeRight UIInterfaceOrientationPortrait UIInterfaceOrientationPortraitUpsideDown";
				IPHONEOS_DEPLOYMENT_TARGET = 15.6;
				LD_RUNPATH_SEARCH_PATHS = (
					"$(inherited)",
					"@executable_path/Frameworks",
				);
				MARKETING_VERSION = 1.0;
				PRODUCT_BUNDLE_IDENTIFIER = net.cherrishRed.checky;
				PRODUCT_NAME = "$(TARGET_NAME)";
				SUPPORTED_PLATFORMS = "iphoneos iphonesimulator";
				SUPPORTS_MACCATALYST = NO;
				SUPPORTS_MAC_DESIGNED_FOR_IPHONE_IPAD = NO;
				SWIFT_EMIT_LOC_STRINGS = YES;
				SWIFT_VERSION = 5.0;
				TARGETED_DEVICE_FAMILY = 1;
			};
			name = Debug;
		};
		DA466EAC28E685D90076AEE4 /* Release */ = {
			isa = XCBuildConfiguration;
			buildSettings = {
				ALWAYS_EMBED_SWIFT_STANDARD_LIBRARIES = YES;
				ASSETCATALOG_COMPILER_APPICON_NAME = AppIcon;
				ASSETCATALOG_COMPILER_GLOBAL_ACCENT_COLOR_NAME = AccentColor;
				CODE_SIGN_ENTITLEMENTS = checky/checky.entitlements;
				CODE_SIGN_STYLE = Automatic;
				CURRENT_PROJECT_VERSION = 1;
				DEVELOPMENT_ASSET_PATHS = "\"checky/Preview Content\"";
				DEVELOPMENT_TEAM = LZZV4V63N5;
				ENABLE_PREVIEWS = YES;
				GENERATE_INFOPLIST_FILE = YES;
				INFOPLIST_FILE = checky/Info.plist;
				INFOPLIST_KEY_NSCalendarsUsageDescription = "\"checky앱은 애플 캘린더와 연동되는 캘린더 앱 입니다. 애플 캘린더의 일정을 checky 앱에 보여지기 위해서는 캘린더 접근 권한이 필요합니다.\"";
				INFOPLIST_KEY_NSRemindersUsageDescription = "\"checky 앱은 애플 미리알림과 연동되는 캘린더 앱입니다. checky앱의 미리알림을 띄우기 위해서는, 미리알림 정보 접근 권한이 필요합니다.\"";
				INFOPLIST_KEY_UIApplicationSceneManifest_Generation = YES;
				INFOPLIST_KEY_UIApplicationSupportsIndirectInputEvents = YES;
				INFOPLIST_KEY_UILaunchScreen_Generation = YES;
				INFOPLIST_KEY_UISupportedInterfaceOrientations = UIInterfaceOrientationPortrait;
				INFOPLIST_KEY_UISupportedInterfaceOrientations_iPad = "UIInterfaceOrientationLandscapeLeft UIInterfaceOrientationLandscapeRight UIInterfaceOrientationPortrait UIInterfaceOrientationPortraitUpsideDown";
				IPHONEOS_DEPLOYMENT_TARGET = 15.6;
				LD_RUNPATH_SEARCH_PATHS = (
					"$(inherited)",
					"@executable_path/Frameworks",
				);
				MARKETING_VERSION = 1.0;
				PRODUCT_BUNDLE_IDENTIFIER = net.cherrishRed.checky;
				PRODUCT_NAME = "$(TARGET_NAME)";
				SUPPORTED_PLATFORMS = "iphoneos iphonesimulator";
				SUPPORTS_MACCATALYST = NO;
				SUPPORTS_MAC_DESIGNED_FOR_IPHONE_IPAD = NO;
				SWIFT_EMIT_LOC_STRINGS = YES;
				SWIFT_VERSION = 5.0;
				TARGETED_DEVICE_FAMILY = 1;
			};
			name = Release;
		};
		DA4E4A3C290A529200CF45E2 /* Debug */ = {
			isa = XCBuildConfiguration;
			buildSettings = {
				BUNDLE_LOADER = "$(TEST_HOST)";
				CLANG_CXX_LANGUAGE_STANDARD = "gnu++20";
				CODE_SIGN_STYLE = Automatic;
				CURRENT_PROJECT_VERSION = 1;
				GENERATE_INFOPLIST_FILE = YES;
				IPHONEOS_DEPLOYMENT_TARGET = 16.0;
				MACOSX_DEPLOYMENT_TARGET = 12.3;
				MARKETING_VERSION = 1.0;
				PRODUCT_BUNDLE_IDENTIFIER = net.cherrish.checkyTests;
				PRODUCT_NAME = "$(TARGET_NAME)";
				SDKROOT = auto;
				SUPPORTED_PLATFORMS = "iphoneos iphonesimulator macosx";
				SWIFT_EMIT_LOC_STRINGS = NO;
				SWIFT_VERSION = 5.0;
				TARGETED_DEVICE_FAMILY = "1,2";
				TEST_HOST = "$(BUILT_PRODUCTS_DIR)/checky.app/$(BUNDLE_EXECUTABLE_FOLDER_PATH)/checky";
			};
			name = Debug;
		};
		DA4E4A3D290A529200CF45E2 /* Release */ = {
			isa = XCBuildConfiguration;
			buildSettings = {
				BUNDLE_LOADER = "$(TEST_HOST)";
				CLANG_CXX_LANGUAGE_STANDARD = "gnu++20";
				CODE_SIGN_STYLE = Automatic;
				CURRENT_PROJECT_VERSION = 1;
				GENERATE_INFOPLIST_FILE = YES;
				IPHONEOS_DEPLOYMENT_TARGET = 16.0;
				MACOSX_DEPLOYMENT_TARGET = 12.3;
				MARKETING_VERSION = 1.0;
				PRODUCT_BUNDLE_IDENTIFIER = net.cherrish.checkyTests;
				PRODUCT_NAME = "$(TARGET_NAME)";
				SDKROOT = auto;
				SUPPORTED_PLATFORMS = "iphoneos iphonesimulator macosx";
				SWIFT_EMIT_LOC_STRINGS = NO;
				SWIFT_VERSION = 5.0;
				TARGETED_DEVICE_FAMILY = "1,2";
				TEST_HOST = "$(BUILT_PRODUCTS_DIR)/checky.app/$(BUNDLE_EXECUTABLE_FOLDER_PATH)/checky";
			};
			name = Release;
		};
/* End XCBuildConfiguration section */

/* Begin XCConfigurationList section */
		867958C4290A632B001D5C7F /* Build configuration list for PBXNativeTarget "MonthlyHelperUnitTest" */ = {
			isa = XCConfigurationList;
			buildConfigurations = (
				867958C2290A632B001D5C7F /* Debug */,
				867958C3290A632B001D5C7F /* Release */,
			);
			defaultConfigurationIsVisible = 0;
			defaultConfigurationName = Release;
		};
		DA124AE52923C55200C6ED6C /* Build configuration list for PBXNativeTarget "checkyWidgetExtension" */ = {
			isa = XCConfigurationList;
			buildConfigurations = (
				DA124AE32923C55200C6ED6C /* Debug */,
				DA124AE42923C55200C6ED6C /* Release */,
			);
			defaultConfigurationIsVisible = 0;
			defaultConfigurationName = Release;
		};
		DA466E9728E685D70076AEE4 /* Build configuration list for PBXProject "checky" */ = {
			isa = XCConfigurationList;
			buildConfigurations = (
				DA466EA828E685D90076AEE4 /* Debug */,
				DA466EA928E685D90076AEE4 /* Release */,
			);
			defaultConfigurationIsVisible = 0;
			defaultConfigurationName = Release;
		};
		DA466EAA28E685D90076AEE4 /* Build configuration list for PBXNativeTarget "checky" */ = {
			isa = XCConfigurationList;
			buildConfigurations = (
				DA466EAB28E685D90076AEE4 /* Debug */,
				DA466EAC28E685D90076AEE4 /* Release */,
			);
			defaultConfigurationIsVisible = 0;
			defaultConfigurationName = Release;
		};
		DA4E4A3E290A529200CF45E2 /* Build configuration list for PBXNativeTarget "checkyTests" */ = {
			isa = XCConfigurationList;
			buildConfigurations = (
				DA4E4A3C290A529200CF45E2 /* Debug */,
				DA4E4A3D290A529200CF45E2 /* Release */,
			);
			defaultConfigurationIsVisible = 0;
			defaultConfigurationName = Release;
		};
/* End XCConfigurationList section */
	};
	rootObject = DA466E9428E685D70076AEE4 /* Project object */;
}
